
Microsoft Visual Studio Solution File, Format Version 12.00
# Visual Studio Version 17
VisualStudioVersion = 17.11.35327.3
MinimumVisualStudioVersion = 10.0.40219.1
Project("{FAE04EC0-301F-11D3-BF4B-00C04F79EFBC}") = "ConsoleApp13", "ConsoleApp13.csproj", "{9FE609D9-73BA-4FB4-B973-AED45A5A6A32}"
EndProject
Global
	GlobalSection(SolutionConfigurationPlatforms) = preSolution
		Debug|Any CPU = Debug|Any CPU
		Release|Any CPU = Release|Any CPU
	EndGlobalSection
	GlobalSection(ProjectConfigurationPlatforms) = postSolution
		{9FE609D9-73BA-4FB4-B973-AED45A5A6A32}.Debug|Any CPU.ActiveCfg = Debug|Any CPU
		{9FE609D9-73BA-4FB4-B973-AED45A5A6A32}.Debug|Any CPU.Build.0 = Debug|Any CPU
		{9FE609D9-73BA-4FB4-B973-AED45A5A6A32}.Release|Any CPU.ActiveCfg = Release|Any CPU
		{9FE609D9-73BA-4FB4-B973-AED45A5A6A32}.Release|Any CPU.Build.0 = Release|Any CPU
	EndGlobalSection
	GlobalSection(SolutionProperties) = preSolution
		HideSolutionNode = FALSE
	EndGlobalSection
	GlobalSection(ExtensibilityGlobals) = postSolution
		SolutionGuid = {AFBFC7EE-3270-4B38-886D-7F3F329AE1B1}
	EndGlobalSection
EndGlobal
