
Microsoft Visual Studio Solution File, Format Version 12.00
# Visual Studio Version 17
VisualStudioVersion = 17.11.35327.3
MinimumVisualStudioVersion = 10.0.40219.1
Project("{FAE04EC0-301F-11D3-BF4B-00C04F79EFBC}") = "ConsoleApp9", "ConsoleApp9.csproj", "{E318B268-405C-4F2D-B400-23D9F76428EE}"
EndProject
Global
	GlobalSection(SolutionConfigurationPlatforms) = preSolution
		Debug|Any CPU = Debug|Any CPU
		Release|Any CPU = Release|Any CPU
	EndGlobalSection
	GlobalSection(ProjectConfigurationPlatforms) = postSolution
		{E318B268-405C-4F2D-B400-23D9F76428EE}.Debug|Any CPU.ActiveCfg = Debug|Any CPU
		{E318B268-405C-4F2D-B400-23D9F76428EE}.Debug|Any CPU.Build.0 = Debug|Any CPU
		{E318B268-405C-4F2D-B400-23D9F76428EE}.Release|Any CPU.ActiveCfg = Release|Any CPU
		{E318B268-405C-4F2D-B400-23D9F76428EE}.Release|Any CPU.Build.0 = Release|Any CPU
	EndGlobalSection
	GlobalSection(SolutionProperties) = preSolution
		HideSolutionNode = FALSE
	EndGlobalSection
	GlobalSection(ExtensibilityGlobals) = postSolution
		SolutionGuid = {FAA6575A-7B5A-44A0-9041-325B6762F020}
	EndGlobalSection
EndGlobal
